// !$*UTF8*$!
{
	archiveVersion = 1;
	classes = {
	};
	objectVersion = 55;
	objects = {

/* Begin PBXBuildFile section */
		2FB9CC2B27EC6552006708E6 /* AppDelegate.swift in Sources */ = {isa = PBXBuildFile; fileRef = 2FB9CC2A27EC6552006708E6 /* AppDelegate.swift */; };
		2FB9CC3227EC6552006708E6 /* Main.storyboard in Resources */ = {isa = PBXBuildFile; fileRef = 2FB9CC3027EC6552006708E6 /* Main.storyboard */; };
		2FB9CC3427EC6553006708E6 /* Assets.xcassets in Resources */ = {isa = PBXBuildFile; fileRef = 2FB9CC3327EC6553006708E6 /* Assets.xcassets */; };
		2FB9CC3727EC6553006708E6 /* LaunchScreen.storyboard in Resources */ = {isa = PBXBuildFile; fileRef = 2FB9CC3527EC6553006708E6 /* LaunchScreen.storyboard */; };
		2FB9CC6227EC65D3006708E6 /* Weather.swift in Sources */ = {isa = PBXBuildFile; fileRef = 2FB9CC6127EC65D3006708E6 /* Weather.swift */; };
		2FB9CC6427EC65DE006708E6 /* WeatherError.swift in Sources */ = {isa = PBXBuildFile; fileRef = 2FB9CC6327EC65DE006708E6 /* WeatherError.swift */; };
		2FB9CC6627EC65F6006708E6 /* LatestWeatherResponse.swift in Sources */ = {isa = PBXBuildFile; fileRef = 2FB9CC6527EC65F6006708E6 /* LatestWeatherResponse.swift */; };
		2FB9CC6A27EC66A6006708E6 /* WeatherViewController.swift in Sources */ = {isa = PBXBuildFile; fileRef = 2FB9CC6927EC66A6006708E6 /* WeatherViewController.swift */; };
		2FB9CC6F27EC66E3006708E6 /* Translate.swift in Sources */ = {isa = PBXBuildFile; fileRef = 2FB9CC6E27EC66E3006708E6 /* Translate.swift */; };
		2FB9CC7127EC66F3006708E6 /* TranslateError.swift in Sources */ = {isa = PBXBuildFile; fileRef = 2FB9CC7027EC66F3006708E6 /* TranslateError.swift */; };
		2FB9CC7527EC6721006708E6 /* LatestTranslateResponse.swift in Sources */ = {isa = PBXBuildFile; fileRef = 2FB9CC7427EC6721006708E6 /* LatestTranslateResponse.swift */; };
		2FB9CC7727EC6738006708E6 /* TranslateViewController.swift in Sources */ = {isa = PBXBuildFile; fileRef = 2FB9CC7627EC6738006708E6 /* TranslateViewController.swift */; };
		2FB9CC7C27EC6796006708E6 /* CurrencyConverter.swift in Sources */ = {isa = PBXBuildFile; fileRef = 2FB9CC7B27EC6796006708E6 /* CurrencyConverter.swift */; };
		2FB9CC7E27EC67A4006708E6 /* CurrencyConverterError.swift in Sources */ = {isa = PBXBuildFile; fileRef = 2FB9CC7D27EC67A4006708E6 /* CurrencyConverterError.swift */; };
		2FB9CC8027EC67B9006708E6 /* LatestCurrencyConverterResponse.swift in Sources */ = {isa = PBXBuildFile; fileRef = 2FB9CC7F27EC67B9006708E6 /* LatestCurrencyConverterResponse.swift */; };
		2FB9CC8227EC67D1006708E6 /* CurrencyConverterController.swift in Sources */ = {isa = PBXBuildFile; fileRef = 2FB9CC8127EC67D1006708E6 /* CurrencyConverterController.swift */; };
		2FB9CC8427EC682B006708E6 /* ApiKeys.swift in Sources */ = {isa = PBXBuildFile; fileRef = 2FB9CC8327EC682B006708E6 /* ApiKeys.swift */; };
		2FB9CC8627EC683A006708E6 /* CommonProtocols.swift in Sources */ = {isa = PBXBuildFile; fileRef = 2FB9CC8527EC683A006708E6 /* CommonProtocols.swift */; };
		2FB9CC8827EC6879006708E6 /* UIViewcontrollerAndAlert.swift in Sources */ = {isa = PBXBuildFile; fileRef = 2FB9CC8727EC6879006708E6 /* UIViewcontrollerAndAlert.swift */; };
		2FB9CC8B27EC68A3006708E6 /* CurrencyConverterTests.swift in Sources */ = {isa = PBXBuildFile; fileRef = 2FB9CC8A27EC68A3006708E6 /* CurrencyConverterTests.swift */; };
		2FB9CC8C27EC68A3006708E6 /* CurrencyConverterTests.swift in Sources */ = {isa = PBXBuildFile; fileRef = 2FB9CC8A27EC68A3006708E6 /* CurrencyConverterTests.swift */; };
		2FB9CC8E27EC68BC006708E6 /* TranslateTests.swift in Sources */ = {isa = PBXBuildFile; fileRef = 2FB9CC8D27EC68BC006708E6 /* TranslateTests.swift */; };
		2FB9CC8F27EC68BC006708E6 /* TranslateTests.swift in Sources */ = {isa = PBXBuildFile; fileRef = 2FB9CC8D27EC68BC006708E6 /* TranslateTests.swift */; };
		2FB9CC9127EC68C5006708E6 /* WeatherTests.swift in Sources */ = {isa = PBXBuildFile; fileRef = 2FB9CC9027EC68C5006708E6 /* WeatherTests.swift */; };
		2FB9CC9227EC68C5006708E6 /* WeatherTests.swift in Sources */ = {isa = PBXBuildFile; fileRef = 2FB9CC9027EC68C5006708E6 /* WeatherTests.swift */; };
		2FB9CC9427ECD505006708E6 /* Weather.storyboard in Resources */ = {isa = PBXBuildFile; fileRef = 2FB9CC9327ECD505006708E6 /* Weather.storyboard */; };
		2FB9CC9627ECD922006708E6 /* ApiKeys.plist in Resources */ = {isa = PBXBuildFile; fileRef = 2FB9CC9527ECD922006708E6 /* ApiKeys.plist */; };
/* End PBXBuildFile section */

/* Begin PBXContainerItemProxy section */
		2FB9CC3E27EC6553006708E6 /* PBXContainerItemProxy */ = {
			isa = PBXContainerItemProxy;
			containerPortal = 2FB9CC1F27EC6552006708E6 /* Project object */;
			proxyType = 1;
			remoteGlobalIDString = 2FB9CC2627EC6552006708E6;
			remoteInfo = LeBaluchon;
		};
		2FB9CC4827EC6554006708E6 /* PBXContainerItemProxy */ = {
			isa = PBXContainerItemProxy;
			containerPortal = 2FB9CC1F27EC6552006708E6 /* Project object */;
			proxyType = 1;
			remoteGlobalIDString = 2FB9CC2627EC6552006708E6;
			remoteInfo = LeBaluchon;
		};
/* End PBXContainerItemProxy section */

/* Begin PBXFileReference section */
		2FB9CC2727EC6552006708E6 /* LeBaluchon.app */ = {isa = PBXFileReference; explicitFileType = wrapper.application; includeInIndex = 0; path = LeBaluchon.app; sourceTree = BUILT_PRODUCTS_DIR; };
		2FB9CC2A27EC6552006708E6 /* AppDelegate.swift */ = {isa = PBXFileReference; lastKnownFileType = sourcecode.swift; path = AppDelegate.swift; sourceTree = "<group>"; };
		2FB9CC3127EC6552006708E6 /* Base */ = {isa = PBXFileReference; lastKnownFileType = file.storyboard; name = Base; path = Base.lproj/Main.storyboard; sourceTree = "<group>"; };
		2FB9CC3327EC6553006708E6 /* Assets.xcassets */ = {isa = PBXFileReference; lastKnownFileType = folder.assetcatalog; path = Assets.xcassets; sourceTree = "<group>"; };
		2FB9CC3627EC6553006708E6 /* Base */ = {isa = PBXFileReference; lastKnownFileType = file.storyboard; name = Base; path = Base.lproj/LaunchScreen.storyboard; sourceTree = "<group>"; };
		2FB9CC3827EC6553006708E6 /* Info.plist */ = {isa = PBXFileReference; lastKnownFileType = text.plist.xml; path = Info.plist; sourceTree = "<group>"; };
		2FB9CC3D27EC6553006708E6 /* LeBaluchonTests.xctest */ = {isa = PBXFileReference; explicitFileType = wrapper.cfbundle; includeInIndex = 0; path = LeBaluchonTests.xctest; sourceTree = BUILT_PRODUCTS_DIR; };
		2FB9CC4727EC6554006708E6 /* LeBaluchonUITests.xctest */ = {isa = PBXFileReference; explicitFileType = wrapper.cfbundle; includeInIndex = 0; path = LeBaluchonUITests.xctest; sourceTree = BUILT_PRODUCTS_DIR; };
		2FB9CC6127EC65D3006708E6 /* Weather.swift */ = {isa = PBXFileReference; lastKnownFileType = sourcecode.swift; path = Weather.swift; sourceTree = "<group>"; };
		2FB9CC6327EC65DE006708E6 /* WeatherError.swift */ = {isa = PBXFileReference; lastKnownFileType = sourcecode.swift; path = WeatherError.swift; sourceTree = "<group>"; };
		2FB9CC6527EC65F6006708E6 /* LatestWeatherResponse.swift */ = {isa = PBXFileReference; lastKnownFileType = sourcecode.swift; path = LatestWeatherResponse.swift; sourceTree = "<group>"; };
		2FB9CC6927EC66A6006708E6 /* WeatherViewController.swift */ = {isa = PBXFileReference; lastKnownFileType = sourcecode.swift; path = WeatherViewController.swift; sourceTree = "<group>"; };
		2FB9CC6E27EC66E3006708E6 /* Translate.swift */ = {isa = PBXFileReference; lastKnownFileType = sourcecode.swift; path = Translate.swift; sourceTree = "<group>"; };
		2FB9CC7027EC66F3006708E6 /* TranslateError.swift */ = {isa = PBXFileReference; lastKnownFileType = sourcecode.swift; path = TranslateError.swift; sourceTree = "<group>"; };
		2FB9CC7427EC6721006708E6 /* LatestTranslateResponse.swift */ = {isa = PBXFileReference; lastKnownFileType = sourcecode.swift; path = LatestTranslateResponse.swift; sourceTree = "<group>"; };
		2FB9CC7627EC6738006708E6 /* TranslateViewController.swift */ = {isa = PBXFileReference; lastKnownFileType = sourcecode.swift; path = TranslateViewController.swift; sourceTree = "<group>"; };
		2FB9CC7B27EC6796006708E6 /* CurrencyConverter.swift */ = {isa = PBXFileReference; lastKnownFileType = sourcecode.swift; path = CurrencyConverter.swift; sourceTree = "<group>"; };
		2FB9CC7D27EC67A4006708E6 /* CurrencyConverterError.swift */ = {isa = PBXFileReference; lastKnownFileType = sourcecode.swift; path = CurrencyConverterError.swift; sourceTree = "<group>"; };
		2FB9CC7F27EC67B9006708E6 /* LatestCurrencyConverterResponse.swift */ = {isa = PBXFileReference; lastKnownFileType = sourcecode.swift; path = LatestCurrencyConverterResponse.swift; sourceTree = "<group>"; };
		2FB9CC8127EC67D1006708E6 /* CurrencyConverterController.swift */ = {isa = PBXFileReference; lastKnownFileType = sourcecode.swift; path = CurrencyConverterController.swift; sourceTree = "<group>"; };
		2FB9CC8327EC682B006708E6 /* ApiKeys.swift */ = {isa = PBXFileReference; lastKnownFileType = sourcecode.swift; path = ApiKeys.swift; sourceTree = "<group>"; };
		2FB9CC8527EC683A006708E6 /* CommonProtocols.swift */ = {isa = PBXFileReference; lastKnownFileType = sourcecode.swift; path = CommonProtocols.swift; sourceTree = "<group>"; };
		2FB9CC8727EC6879006708E6 /* UIViewcontrollerAndAlert.swift */ = {isa = PBXFileReference; lastKnownFileType = sourcecode.swift; path = UIViewcontrollerAndAlert.swift; sourceTree = "<group>"; };
		2FB9CC8A27EC68A3006708E6 /* CurrencyConverterTests.swift */ = {isa = PBXFileReference; lastKnownFileType = sourcecode.swift; path = CurrencyConverterTests.swift; sourceTree = "<group>"; };
		2FB9CC8D27EC68BC006708E6 /* TranslateTests.swift */ = {isa = PBXFileReference; lastKnownFileType = sourcecode.swift; path = TranslateTests.swift; sourceTree = "<group>"; };
		2FB9CC9027EC68C5006708E6 /* WeatherTests.swift */ = {isa = PBXFileReference; lastKnownFileType = sourcecode.swift; path = WeatherTests.swift; sourceTree = "<group>"; };
		2FB9CC9327ECD505006708E6 /* Weather.storyboard */ = {isa = PBXFileReference; fileEncoding = 4; lastKnownFileType = file.storyboard; path = Weather.storyboard; sourceTree = "<group>"; };
		2FB9CC9527ECD922006708E6 /* ApiKeys.plist */ = {isa = PBXFileReference; lastKnownFileType = text.plist.xml; path = ApiKeys.plist; sourceTree = "<group>"; };
/* End PBXFileReference section */

/* Begin PBXFrameworksBuildPhase section */
		2FB9CC2427EC6552006708E6 /* Frameworks */ = {
			isa = PBXFrameworksBuildPhase;
			buildActionMask = 2147483647;
			files = (
			);
			runOnlyForDeploymentPostprocessing = 0;
		};
		2FB9CC3A27EC6553006708E6 /* Frameworks */ = {
			isa = PBXFrameworksBuildPhase;
			buildActionMask = 2147483647;
			files = (
			);
			runOnlyForDeploymentPostprocessing = 0;
		};
		2FB9CC4427EC6554006708E6 /* Frameworks */ = {
			isa = PBXFrameworksBuildPhase;
			buildActionMask = 2147483647;
			files = (
			);
			runOnlyForDeploymentPostprocessing = 0;
		};
/* End PBXFrameworksBuildPhase section */

/* Begin PBXGroup section */
		2FB9CC1E27EC6552006708E6 = {
			isa = PBXGroup;
			children = (
				2FB9CC2927EC6552006708E6 /* LeBaluchon */,
				2FB9CC4027EC6553006708E6 /* LeBaluchonTests */,
				2FB9CC2827EC6552006708E6 /* Products */,
			);
			sourceTree = "<group>";
		};
		2FB9CC2827EC6552006708E6 /* Products */ = {
			isa = PBXGroup;
			children = (
				2FB9CC2727EC6552006708E6 /* LeBaluchon.app */,
				2FB9CC3D27EC6553006708E6 /* LeBaluchonTests.xctest */,
				2FB9CC4727EC6554006708E6 /* LeBaluchonUITests.xctest */,
			);
			name = Products;
			sourceTree = "<group>";
		};
		2FB9CC2927EC6552006708E6 /* LeBaluchon */ = {
			isa = PBXGroup;
			children = (
				2FB9CC5A27EC6570006708E6 /* Weather */,
				2FB9CC5B27EC6579006708E6 /* Translate */,
				2FB9CC5C27EC657F006708E6 /* Currency */,
				2FB9CC5D27EC6584006708E6 /* Source */,
			);
			path = LeBaluchon;
			sourceTree = "<group>";
		};
		2FB9CC4027EC6553006708E6 /* LeBaluchonTests */ = {
			isa = PBXGroup;
			children = (
				2FB9CC8A27EC68A3006708E6 /* CurrencyConverterTests.swift */,
				2FB9CC8D27EC68BC006708E6 /* TranslateTests.swift */,
				2FB9CC9027EC68C5006708E6 /* WeatherTests.swift */,
			);
			path = LeBaluchonTests;
			sourceTree = "<group>";
		};
		2FB9CC5A27EC6570006708E6 /* Weather */ = {
			isa = PBXGroup;
			children = (
				2FB9CC6027EC65BF006708E6 /* Controller */,
				2FB9CC5F27EC65BA006708E6 /* View */,
				2FB9CC5E27EC65B4006708E6 /* Model */,
			);
			path = Weather;
			sourceTree = "<group>";
		};
		2FB9CC5B27EC6579006708E6 /* Translate */ = {
			isa = PBXGroup;
			children = (
				2FB9CC6D27EC66D0006708E6 /* Controller */,
				2FB9CC6C27EC66CB006708E6 /* View */,
				2FB9CC6B27EC66C5006708E6 /* Model */,
			);
			path = Translate;
			sourceTree = "<group>";
		};
		2FB9CC5C27EC657F006708E6 /* Currency */ = {
			isa = PBXGroup;
			children = (
				2FB9CC7A27EC6771006708E6 /* Controller */,
				2FB9CC7927EC676C006708E6 /* View */,
				2FB9CC7827EC6764006708E6 /* Model */,
			);
			path = Currency;
			sourceTree = "<group>";
		};
		2FB9CC5D27EC6584006708E6 /* Source */ = {
			isa = PBXGroup;
			children = (
				2FB9CC9527ECD922006708E6 /* ApiKeys.plist */,
				2FB9CC3827EC6553006708E6 /* Info.plist */,
				2FB9CC8327EC682B006708E6 /* ApiKeys.swift */,
				2FB9CC8527EC683A006708E6 /* CommonProtocols.swift */,
				2FB9CC2A27EC6552006708E6 /* AppDelegate.swift */,
				2FB9CC3027EC6552006708E6 /* Main.storyboard */,
				2FB9CC3527EC6553006708E6 /* LaunchScreen.storyboard */,
				2FB9CC3327EC6553006708E6 /* Assets.xcassets */,
				2FB9CC8727EC6879006708E6 /* UIViewcontrollerAndAlert.swift */,
			);
			path = Source;
			sourceTree = "<group>";
		};
		2FB9CC5E27EC65B4006708E6 /* Model */ = {
			isa = PBXGroup;
			children = (
				2FB9CC6127EC65D3006708E6 /* Weather.swift */,
				2FB9CC6327EC65DE006708E6 /* WeatherError.swift */,
				2FB9CC6527EC65F6006708E6 /* LatestWeatherResponse.swift */,
			);
			path = Model;
			sourceTree = "<group>";
		};
		2FB9CC5F27EC65BA006708E6 /* View */ = {
			isa = PBXGroup;
			children = (
				2FB9CC9327ECD505006708E6 /* Weather.storyboard */,
			);
			path = View;
			sourceTree = "<group>";
		};
		2FB9CC6027EC65BF006708E6 /* Controller */ = {
			isa = PBXGroup;
			children = (
				2FB9CC6927EC66A6006708E6 /* WeatherViewController.swift */,
			);
			path = Controller;
			sourceTree = "<group>";
		};
		2FB9CC6B27EC66C5006708E6 /* Model */ = {
			isa = PBXGroup;
			children = (
				2FB9CC6E27EC66E3006708E6 /* Translate.swift */,
				2FB9CC7027EC66F3006708E6 /* TranslateError.swift */,
				2FB9CC7427EC6721006708E6 /* LatestTranslateResponse.swift */,
			);
			path = Model;
			sourceTree = "<group>";
		};
		2FB9CC6C27EC66CB006708E6 /* View */ = {
			isa = PBXGroup;
			children = (
			);
			path = View;
			sourceTree = "<group>";
		};
		2FB9CC6D27EC66D0006708E6 /* Controller */ = {
			isa = PBXGroup;
			children = (
				2FB9CC7627EC6738006708E6 /* TranslateViewController.swift */,
			);
			path = Controller;
			sourceTree = "<group>";
		};
		2FB9CC7827EC6764006708E6 /* Model */ = {
			isa = PBXGroup;
			children = (
				2FB9CC7B27EC6796006708E6 /* CurrencyConverter.swift */,
				2FB9CC7D27EC67A4006708E6 /* CurrencyConverterError.swift */,
				2FB9CC7F27EC67B9006708E6 /* LatestCurrencyConverterResponse.swift */,
			);
			path = Model;
			sourceTree = "<group>";
		};
		2FB9CC7927EC676C006708E6 /* View */ = {
			isa = PBXGroup;
			children = (
			);
			path = View;
			sourceTree = "<group>";
		};
		2FB9CC7A27EC6771006708E6 /* Controller */ = {
			isa = PBXGroup;
			children = (
				2FB9CC8127EC67D1006708E6 /* CurrencyConverterController.swift */,
			);
			path = Controller;
			sourceTree = "<group>";
		};
/* End PBXGroup section */

/* Begin PBXNativeTarget section */
		2FB9CC2627EC6552006708E6 /* LeBaluchon */ = {
			isa = PBXNativeTarget;
			buildConfigurationList = 2FB9CC5127EC6554006708E6 /* Build configuration list for PBXNativeTarget "LeBaluchon" */;
			buildPhases = (
				2FB9CC2327EC6552006708E6 /* Sources */,
				2FB9CC2427EC6552006708E6 /* Frameworks */,
				2FB9CC2527EC6552006708E6 /* Resources */,
			);
			buildRules = (
			);
			dependencies = (
			);
			name = LeBaluchon;
			productName = LeBaluchon;
			productReference = 2FB9CC2727EC6552006708E6 /* LeBaluchon.app */;
			productType = "com.apple.product-type.application";
		};
		2FB9CC3C27EC6553006708E6 /* LeBaluchonTests */ = {
			isa = PBXNativeTarget;
			buildConfigurationList = 2FB9CC5427EC6554006708E6 /* Build configuration list for PBXNativeTarget "LeBaluchonTests" */;
			buildPhases = (
				2FB9CC3927EC6553006708E6 /* Sources */,
				2FB9CC3A27EC6553006708E6 /* Frameworks */,
				2FB9CC3B27EC6553006708E6 /* Resources */,
			);
			buildRules = (
			);
			dependencies = (
				2FB9CC3F27EC6553006708E6 /* PBXTargetDependency */,
			);
			name = LeBaluchonTests;
			productName = LeBaluchonTests;
			productReference = 2FB9CC3D27EC6553006708E6 /* LeBaluchonTests.xctest */;
			productType = "com.apple.product-type.bundle.unit-test";
		};
		2FB9CC4627EC6554006708E6 /* LeBaluchonUITests */ = {
			isa = PBXNativeTarget;
			buildConfigurationList = 2FB9CC5727EC6554006708E6 /* Build configuration list for PBXNativeTarget "LeBaluchonUITests" */;
			buildPhases = (
				2FB9CC4327EC6554006708E6 /* Sources */,
				2FB9CC4427EC6554006708E6 /* Frameworks */,
				2FB9CC4527EC6554006708E6 /* Resources */,
			);
			buildRules = (
			);
			dependencies = (
				2FB9CC4927EC6554006708E6 /* PBXTargetDependency */,
			);
			name = LeBaluchonUITests;
			productName = LeBaluchonUITests;
			productReference = 2FB9CC4727EC6554006708E6 /* LeBaluchonUITests.xctest */;
			productType = "com.apple.product-type.bundle.ui-testing";
		};
/* End PBXNativeTarget section */

/* Begin PBXProject section */
		2FB9CC1F27EC6552006708E6 /* Project object */ = {
			isa = PBXProject;
			attributes = {
				BuildIndependentTargetsInParallel = 1;
				LastSwiftUpdateCheck = 1330;
				LastUpgradeCheck = 1330;
				TargetAttributes = {
					2FB9CC2627EC6552006708E6 = {
						CreatedOnToolsVersion = 13.3;
					};
					2FB9CC3C27EC6553006708E6 = {
						CreatedOnToolsVersion = 13.3;
						TestTargetID = 2FB9CC2627EC6552006708E6;
					};
					2FB9CC4627EC6554006708E6 = {
						CreatedOnToolsVersion = 13.3;
						LastSwiftMigration = 1330;
						TestTargetID = 2FB9CC2627EC6552006708E6;
					};
				};
			};
			buildConfigurationList = 2FB9CC2227EC6552006708E6 /* Build configuration list for PBXProject "LeBaluchon" */;
			compatibilityVersion = "Xcode 13.0";
			developmentRegion = en;
			hasScannedForEncodings = 0;
			knownRegions = (
				en,
				Base,
			);
			mainGroup = 2FB9CC1E27EC6552006708E6;
			productRefGroup = 2FB9CC2827EC6552006708E6 /* Products */;
			projectDirPath = "";
			projectRoot = "";
			targets = (
				2FB9CC2627EC6552006708E6 /* LeBaluchon */,
				2FB9CC3C27EC6553006708E6 /* LeBaluchonTests */,
				2FB9CC4627EC6554006708E6 /* LeBaluchonUITests */,
			);
		};
/* End PBXProject section */

/* Begin PBXResourcesBuildPhase section */
		2FB9CC2527EC6552006708E6 /* Resources */ = {
			isa = PBXResourcesBuildPhase;
			buildActionMask = 2147483647;
			files = (
				2FB9CC3727EC6553006708E6 /* LaunchScreen.storyboard in Resources */,
				2FB9CC9427ECD505006708E6 /* Weather.storyboard in Resources */,
				2FB9CC3427EC6553006708E6 /* Assets.xcassets in Resources */,
				2FB9CC3227EC6552006708E6 /* Main.storyboard in Resources */,
				2FB9CC9627ECD922006708E6 /* ApiKeys.plist in Resources */,
			);
			runOnlyForDeploymentPostprocessing = 0;
		};
		2FB9CC3B27EC6553006708E6 /* Resources */ = {
			isa = PBXResourcesBuildPhase;
			buildActionMask = 2147483647;
			files = (
			);
			runOnlyForDeploymentPostprocessing = 0;
		};
		2FB9CC4527EC6554006708E6 /* Resources */ = {
			isa = PBXResourcesBuildPhase;
			buildActionMask = 2147483647;
			files = (
			);
			runOnlyForDeploymentPostprocessing = 0;
		};
/* End PBXResourcesBuildPhase section */

/* Begin PBXSourcesBuildPhase section */
		2FB9CC2327EC6552006708E6 /* Sources */ = {
			isa = PBXSourcesBuildPhase;
			buildActionMask = 2147483647;
			files = (
				2FB9CC7527EC6721006708E6 /* LatestTranslateResponse.swift in Sources */,
				2FB9CC8827EC6879006708E6 /* UIViewcontrollerAndAlert.swift in Sources */,
				2FB9CC6F27EC66E3006708E6 /* Translate.swift in Sources */,
				2FB9CC6627EC65F6006708E6 /* LatestWeatherResponse.swift in Sources */,
				2FB9CC8027EC67B9006708E6 /* LatestCurrencyConverterResponse.swift in Sources */,
				2FB9CC6427EC65DE006708E6 /* WeatherError.swift in Sources */,
				2FB9CC6227EC65D3006708E6 /* Weather.swift in Sources */,
				2FB9CC8627EC683A006708E6 /* CommonProtocols.swift in Sources */,
				2FB9CC6A27EC66A6006708E6 /* WeatherViewController.swift in Sources */,
				2FB9CC8227EC67D1006708E6 /* CurrencyConverterController.swift in Sources */,
				2FB9CC7727EC6738006708E6 /* TranslateViewController.swift in Sources */,
				2FB9CC7127EC66F3006708E6 /* TranslateError.swift in Sources */,
				2FB9CC7E27EC67A4006708E6 /* CurrencyConverterError.swift in Sources */,
				2FB9CC7C27EC6796006708E6 /* CurrencyConverter.swift in Sources */,
				2FB9CC2B27EC6552006708E6 /* AppDelegate.swift in Sources */,
				2FB9CC8427EC682B006708E6 /* ApiKeys.swift in Sources */,
			);
			runOnlyForDeploymentPostprocessing = 0;
		};
		2FB9CC3927EC6553006708E6 /* Sources */ = {
			isa = PBXSourcesBuildPhase;
			buildActionMask = 2147483647;
			files = (
				2FB9CC8E27EC68BC006708E6 /* TranslateTests.swift in Sources */,
				2FB9CC8B27EC68A3006708E6 /* CurrencyConverterTests.swift in Sources */,
				2FB9CC9127EC68C5006708E6 /* WeatherTests.swift in Sources */,
			);
			runOnlyForDeploymentPostprocessing = 0;
		};
		2FB9CC4327EC6554006708E6 /* Sources */ = {
			isa = PBXSourcesBuildPhase;
			buildActionMask = 2147483647;
			files = (
				2FB9CC8F27EC68BC006708E6 /* TranslateTests.swift in Sources */,
				2FB9CC8C27EC68A3006708E6 /* CurrencyConverterTests.swift in Sources */,
				2FB9CC9227EC68C5006708E6 /* WeatherTests.swift in Sources */,
			);
			runOnlyForDeploymentPostprocessing = 0;
		};
/* End PBXSourcesBuildPhase section */

/* Begin PBXTargetDependency section */
		2FB9CC3F27EC6553006708E6 /* PBXTargetDependency */ = {
			isa = PBXTargetDependency;
			target = 2FB9CC2627EC6552006708E6 /* LeBaluchon */;
			targetProxy = 2FB9CC3E27EC6553006708E6 /* PBXContainerItemProxy */;
		};
		2FB9CC4927EC6554006708E6 /* PBXTargetDependency */ = {
			isa = PBXTargetDependency;
			target = 2FB9CC2627EC6552006708E6 /* LeBaluchon */;
			targetProxy = 2FB9CC4827EC6554006708E6 /* PBXContainerItemProxy */;
		};
/* End PBXTargetDependency section */

/* Begin PBXVariantGroup section */
		2FB9CC3027EC6552006708E6 /* Main.storyboard */ = {
			isa = PBXVariantGroup;
			children = (
				2FB9CC3127EC6552006708E6 /* Base */,
			);
			name = Main.storyboard;
			sourceTree = "<group>";
		};
		2FB9CC3527EC6553006708E6 /* LaunchScreen.storyboard */ = {
			isa = PBXVariantGroup;
			children = (
				2FB9CC3627EC6553006708E6 /* Base */,
			);
			name = LaunchScreen.storyboard;
			sourceTree = "<group>";
		};
/* End PBXVariantGroup section */

/* Begin XCBuildConfiguration section */
		2FB9CC4F27EC6554006708E6 /* Debug */ = {
			isa = XCBuildConfiguration;
			buildSettings = {
				ALWAYS_SEARCH_USER_PATHS = NO;
				CLANG_ANALYZER_NONNULL = YES;
				CLANG_ANALYZER_NUMBER_OBJECT_CONVERSION = YES_AGGRESSIVE;
				CLANG_CXX_LANGUAGE_STANDARD = "gnu++17";
				CLANG_ENABLE_MODULES = YES;
				CLANG_ENABLE_OBJC_ARC = YES;
				CLANG_ENABLE_OBJC_WEAK = YES;
				CLANG_WARN_BLOCK_CAPTURE_AUTORELEASING = YES;
				CLANG_WARN_BOOL_CONVERSION = YES;
				CLANG_WARN_COMMA = YES;
				CLANG_WARN_CONSTANT_CONVERSION = YES;
				CLANG_WARN_DEPRECATED_OBJC_IMPLEMENTATIONS = YES;
				CLANG_WARN_DIRECT_OBJC_ISA_USAGE = YES_ERROR;
				CLANG_WARN_DOCUMENTATION_COMMENTS = YES;
				CLANG_WARN_EMPTY_BODY = YES;
				CLANG_WARN_ENUM_CONVERSION = YES;
				CLANG_WARN_INFINITE_RECURSION = YES;
				CLANG_WARN_INT_CONVERSION = YES;
				CLANG_WARN_NON_LITERAL_NULL_CONVERSION = YES;
				CLANG_WARN_OBJC_IMPLICIT_RETAIN_SELF = YES;
				CLANG_WARN_OBJC_LITERAL_CONVERSION = YES;
				CLANG_WARN_OBJC_ROOT_CLASS = YES_ERROR;
				CLANG_WARN_QUOTED_INCLUDE_IN_FRAMEWORK_HEADER = YES;
				CLANG_WARN_RANGE_LOOP_ANALYSIS = YES;
				CLANG_WARN_STRICT_PROTOTYPES = YES;
				CLANG_WARN_SUSPICIOUS_MOVE = YES;
				CLANG_WARN_UNGUARDED_AVAILABILITY = YES_AGGRESSIVE;
				CLANG_WARN_UNREACHABLE_CODE = YES;
				CLANG_WARN__DUPLICATE_METHOD_MATCH = YES;
				COPY_PHASE_STRIP = NO;
				DEBUG_INFORMATION_FORMAT = dwarf;
				ENABLE_STRICT_OBJC_MSGSEND = YES;
				ENABLE_TESTABILITY = YES;
				GCC_C_LANGUAGE_STANDARD = gnu11;
				GCC_DYNAMIC_NO_PIC = NO;
				GCC_NO_COMMON_BLOCKS = YES;
				GCC_OPTIMIZATION_LEVEL = 0;
				GCC_PREPROCESSOR_DEFINITIONS = (
					"DEBUG=1",
					"$(inherited)",
				);
				GCC_WARN_64_TO_32_BIT_CONVERSION = YES;
				GCC_WARN_ABOUT_RETURN_TYPE = YES_ERROR;
				GCC_WARN_UNDECLARED_SELECTOR = YES;
				GCC_WARN_UNINITIALIZED_AUTOS = YES_AGGRESSIVE;
				GCC_WARN_UNUSED_FUNCTION = YES;
				GCC_WARN_UNUSED_VARIABLE = YES;
				IPHONEOS_DEPLOYMENT_TARGET = 15.4;
				MTL_ENABLE_DEBUG_INFO = INCLUDE_SOURCE;
				MTL_FAST_MATH = YES;
				ONLY_ACTIVE_ARCH = YES;
				SDKROOT = iphoneos;
				SWIFT_ACTIVE_COMPILATION_CONDITIONS = DEBUG;
				SWIFT_OPTIMIZATION_LEVEL = "-Onone";
			};
			name = Debug;
		};
		2FB9CC5027EC6554006708E6 /* Release */ = {
			isa = XCBuildConfiguration;
			buildSettings = {
				ALWAYS_SEARCH_USER_PATHS = NO;
				CLANG_ANALYZER_NONNULL = YES;
				CLANG_ANALYZER_NUMBER_OBJECT_CONVERSION = YES_AGGRESSIVE;
				CLANG_CXX_LANGUAGE_STANDARD = "gnu++17";
				CLANG_ENABLE_MODULES = YES;
				CLANG_ENABLE_OBJC_ARC = YES;
				CLANG_ENABLE_OBJC_WEAK = YES;
				CLANG_WARN_BLOCK_CAPTURE_AUTORELEASING = YES;
				CLANG_WARN_BOOL_CONVERSION = YES;
				CLANG_WARN_COMMA = YES;
				CLANG_WARN_CONSTANT_CONVERSION = YES;
				CLANG_WARN_DEPRECATED_OBJC_IMPLEMENTATIONS = YES;
				CLANG_WARN_DIRECT_OBJC_ISA_USAGE = YES_ERROR;
				CLANG_WARN_DOCUMENTATION_COMMENTS = YES;
				CLANG_WARN_EMPTY_BODY = YES;
				CLANG_WARN_ENUM_CONVERSION = YES;
				CLANG_WARN_INFINITE_RECURSION = YES;
				CLANG_WARN_INT_CONVERSION = YES;
				CLANG_WARN_NON_LITERAL_NULL_CONVERSION = YES;
				CLANG_WARN_OBJC_IMPLICIT_RETAIN_SELF = YES;
				CLANG_WARN_OBJC_LITERAL_CONVERSION = YES;
				CLANG_WARN_OBJC_ROOT_CLASS = YES_ERROR;
				CLANG_WARN_QUOTED_INCLUDE_IN_FRAMEWORK_HEADER = YES;
				CLANG_WARN_RANGE_LOOP_ANALYSIS = YES;
				CLANG_WARN_STRICT_PROTOTYPES = YES;
				CLANG_WARN_SUSPICIOUS_MOVE = YES;
				CLANG_WARN_UNGUARDED_AVAILABILITY = YES_AGGRESSIVE;
				CLANG_WARN_UNREACHABLE_CODE = YES;
				CLANG_WARN__DUPLICATE_METHOD_MATCH = YES;
				COPY_PHASE_STRIP = NO;
				DEBUG_INFORMATION_FORMAT = "dwarf-with-dsym";
				ENABLE_NS_ASSERTIONS = NO;
				ENABLE_STRICT_OBJC_MSGSEND = YES;
				GCC_C_LANGUAGE_STANDARD = gnu11;
				GCC_NO_COMMON_BLOCKS = YES;
				GCC_WARN_64_TO_32_BIT_CONVERSION = YES;
				GCC_WARN_ABOUT_RETURN_TYPE = YES_ERROR;
				GCC_WARN_UNDECLARED_SELECTOR = YES;
				GCC_WARN_UNINITIALIZED_AUTOS = YES_AGGRESSIVE;
				GCC_WARN_UNUSED_FUNCTION = YES;
				GCC_WARN_UNUSED_VARIABLE = YES;
				IPHONEOS_DEPLOYMENT_TARGET = 15.4;
				MTL_ENABLE_DEBUG_INFO = NO;
				MTL_FAST_MATH = YES;
				SDKROOT = iphoneos;
				SWIFT_COMPILATION_MODE = wholemodule;
				SWIFT_OPTIMIZATION_LEVEL = "-O";
				VALIDATE_PRODUCT = YES;
			};
			name = Release;
		};
		2FB9CC5227EC6554006708E6 /* Debug */ = {
			isa = XCBuildConfiguration;
			buildSettings = {
				ASSETCATALOG_COMPILER_APPICON_NAME = AppIcon;
				ASSETCATALOG_COMPILER_GLOBAL_ACCENT_COLOR_NAME = AccentColor;
				CODE_SIGN_STYLE = Automatic;
				CURRENT_PROJECT_VERSION = 1;
				DEVELOPMENT_TEAM = FM2ZRB2384;
				GENERATE_INFOPLIST_FILE = YES;
				INFOPLIST_FILE = LeBaluchon/Info.plist;
				INFOPLIST_KEY_UIApplicationSupportsIndirectInputEvents = YES;
				INFOPLIST_KEY_UILaunchStoryboardName = LaunchScreen;
				INFOPLIST_KEY_UIMainStoryboardFile = Main;
				INFOPLIST_KEY_UISupportedInterfaceOrientations_iPad = "UIInterfaceOrientationPortrait UIInterfaceOrientationPortraitUpsideDown UIInterfaceOrientationLandscapeLeft UIInterfaceOrientationLandscapeRight";
				INFOPLIST_KEY_UISupportedInterfaceOrientations_iPhone = "UIInterfaceOrientationPortrait UIInterfaceOrientationLandscapeLeft UIInterfaceOrientationLandscapeRight";
				LD_RUNPATH_SEARCH_PATHS = (
					"$(inherited)",
					"@executable_path/Frameworks",
				);
				MARKETING_VERSION = 1.0;
				PRODUCT_BUNDLE_IDENTIFIER = com.openclassrooms.LeBaluchon;
				PRODUCT_NAME = "$(TARGET_NAME)";
				SWIFT_EMIT_LOC_STRINGS = YES;
				SWIFT_VERSION = 5.0;
				TARGETED_DEVICE_FAMILY = "1,2";
			};
			name = Debug;
		};
		2FB9CC5327EC6554006708E6 /* Release */ = {
			isa = XCBuildConfiguration;
			buildSettings = {
				ASSETCATALOG_COMPILER_APPICON_NAME = AppIcon;
				ASSETCATALOG_COMPILER_GLOBAL_ACCENT_COLOR_NAME = AccentColor;
				CODE_SIGN_STYLE = Automatic;
				CURRENT_PROJECT_VERSION = 1;
				DEVELOPMENT_TEAM = FM2ZRB2384;
				GENERATE_INFOPLIST_FILE = YES;
				INFOPLIST_FILE = LeBaluchon/Info.plist;
				INFOPLIST_KEY_UIApplicationSupportsIndirectInputEvents = YES;
				INFOPLIST_KEY_UILaunchStoryboardName = LaunchScreen;
				INFOPLIST_KEY_UIMainStoryboardFile = Main;
				INFOPLIST_KEY_UISupportedInterfaceOrientations_iPad = "UIInterfaceOrientationPortrait UIInterfaceOrientationPortraitUpsideDown UIInterfaceOrientationLandscapeLeft UIInterfaceOrientationLandscapeRight";
				INFOPLIST_KEY_UISupportedInterfaceOrientations_iPhone = "UIInterfaceOrientationPortrait UIInterfaceOrientationLandscapeLeft UIInterfaceOrientationLandscapeRight";
				LD_RUNPATH_SEARCH_PATHS = (
					"$(inherited)",
					"@executable_path/Frameworks",
				);
				MARKETING_VERSION = 1.0;
				PRODUCT_BUNDLE_IDENTIFIER = com.openclassrooms.LeBaluchon;
				PRODUCT_NAME = "$(TARGET_NAME)";
				SWIFT_EMIT_LOC_STRINGS = YES;
				SWIFT_VERSION = 5.0;
				TARGETED_DEVICE_FAMILY = "1,2";
			};
			name = Release;
		};
		2FB9CC5527EC6554006708E6 /* Debug */ = {
			isa = XCBuildConfiguration;
			buildSettings = {
				ALWAYS_EMBED_SWIFT_STANDARD_LIBRARIES = YES;
				BUNDLE_LOADER = "$(TEST_HOST)";
				CODE_SIGN_STYLE = Automatic;
				CURRENT_PROJECT_VERSION = 1;
				DEVELOPMENT_TEAM = FM2ZRB2384;
				GENERATE_INFOPLIST_FILE = YES;
				IPHONEOS_DEPLOYMENT_TARGET = 15.4;
				MARKETING_VERSION = 1.0;
				PRODUCT_BUNDLE_IDENTIFIER = com.openclassrooms.LeBaluchonTests;
				PRODUCT_NAME = "$(TARGET_NAME)";
				SWIFT_EMIT_LOC_STRINGS = NO;
				SWIFT_VERSION = 5.0;
				TARGETED_DEVICE_FAMILY = "1,2";
				TEST_HOST = "$(BUILT_PRODUCTS_DIR)/LeBaluchon.app/LeBaluchon";
			};
			name = Debug;
		};
		2FB9CC5627EC6554006708E6 /* Release */ = {
			isa = XCBuildConfiguration;
			buildSettings = {
				ALWAYS_EMBED_SWIFT_STANDARD_LIBRARIES = YES;
				BUNDLE_LOADER = "$(TEST_HOST)";
				CODE_SIGN_STYLE = Automatic;
				CURRENT_PROJECT_VERSION = 1;
				DEVELOPMENT_TEAM = FM2ZRB2384;
				GENERATE_INFOPLIST_FILE = YES;
				IPHONEOS_DEPLOYMENT_TARGET = 15.4;
				MARKETING_VERSION = 1.0;
				PRODUCT_BUNDLE_IDENTIFIER = com.openclassrooms.LeBaluchonTests;
				PRODUCT_NAME = "$(TARGET_NAME)";
				SWIFT_EMIT_LOC_STRINGS = NO;
				SWIFT_VERSION = 5.0;
				TARGETED_DEVICE_FAMILY = "1,2";
				TEST_HOST = "$(BUILT_PRODUCTS_DIR)/LeBaluchon.app/LeBaluchon";
			};
			name = Release;
		};
		2FB9CC5827EC6554006708E6 /* Debug */ = {
			isa = XCBuildConfiguration;
			buildSettings = {
				ALWAYS_EMBED_SWIFT_STANDARD_LIBRARIES = YES;
				CLANG_ENABLE_MODULES = YES;
				CODE_SIGN_STYLE = Automatic;
				CURRENT_PROJECT_VERSION = 1;
				DEVELOPMENT_TEAM = FM2ZRB2384;
				GENERATE_INFOPLIST_FILE = YES;
				LD_RUNPATH_SEARCH_PATHS = (
					"$(inherited)",
					"@executable_path/Frameworks",
					"@loader_path/Frameworks",
				);
				MARKETING_VERSION = 1.0;
				PRODUCT_BUNDLE_IDENTIFIER = com.openclassrooms.LeBaluchonUITests;
				PRODUCT_NAME = "$(TARGET_NAME)";
				SWIFT_EMIT_LOC_STRINGS = NO;
				SWIFT_OBJC_BRIDGING_HEADER = "LeBaluchonTests/LeBaluchonUITests-Bridging-Header.h";
				SWIFT_OPTIMIZATION_LEVEL = "-Onone";
				SWIFT_VERSION = 5.0;
				TARGETED_DEVICE_FAMILY = "1,2";
				TEST_TARGET_NAME = LeBaluchon;
			};
			name = Debug;
		};
		2FB9CC5927EC6554006708E6 /* Release */ = {
			isa = XCBuildConfiguration;
			buildSettings = {
				ALWAYS_EMBED_SWIFT_STANDARD_LIBRARIES = YES;
				CLANG_ENABLE_MODULES = YES;
				CODE_SIGN_STYLE = Automatic;
				CURRENT_PROJECT_VERSION = 1;
				DEVELOPMENT_TEAM = FM2ZRB2384;
				GENERATE_INFOPLIST_FILE = YES;
				LD_RUNPATH_SEARCH_PATHS = (
					"$(inherited)",
					"@executable_path/Frameworks",
					"@loader_path/Frameworks",
				);
				MARKETING_VERSION = 1.0;
				PRODUCT_BUNDLE_IDENTIFIER = com.openclassrooms.LeBaluchonUITests;
				PRODUCT_NAME = "$(TARGET_NAME)";
				SWIFT_EMIT_LOC_STRINGS = NO;
				SWIFT_OBJC_BRIDGING_HEADER = "LeBaluchonTests/LeBaluchonUITests-Bridging-Header.h";
				SWIFT_VERSION = 5.0;
				TARGETED_DEVICE_FAMILY = "1,2";
				TEST_TARGET_NAME = LeBaluchon;
			};
			name = Release;
		};
/* End XCBuildConfiguration section */

/* Begin XCConfigurationList section */
		2FB9CC2227EC6552006708E6 /* Build configuration list for PBXProject "LeBaluchon" */ = {
			isa = XCConfigurationList;
			buildConfigurations = (
				2FB9CC4F27EC6554006708E6 /* Debug */,
				2FB9CC5027EC6554006708E6 /* Release */,
			);
			defaultConfigurationIsVisible = 0;
			defaultConfigurationName = Release;
		};
		2FB9CC5127EC6554006708E6 /* Build configuration list for PBXNativeTarget "LeBaluchon" */ = {
			isa = XCConfigurationList;
			buildConfigurations = (
				2FB9CC5227EC6554006708E6 /* Debug */,
				2FB9CC5327EC6554006708E6 /* Release */,
			);
			defaultConfigurationIsVisible = 0;
			defaultConfigurationName = Release;
		};
		2FB9CC5427EC6554006708E6 /* Build configuration list for PBXNativeTarget "LeBaluchonTests" */ = {
			isa = XCConfigurationList;
			buildConfigurations = (
				2FB9CC5527EC6554006708E6 /* Debug */,
				2FB9CC5627EC6554006708E6 /* Release */,
			);
			defaultConfigurationIsVisible = 0;
			defaultConfigurationName = Release;
		};
		2FB9CC5727EC6554006708E6 /* Build configuration list for PBXNativeTarget "LeBaluchonUITests" */ = {
			isa = XCConfigurationList;
			buildConfigurations = (
				2FB9CC5827EC6554006708E6 /* Debug */,
				2FB9CC5927EC6554006708E6 /* Release */,
			);
			defaultConfigurationIsVisible = 0;
			defaultConfigurationName = Release;
		};
/* End XCConfigurationList section */
	};
	rootObject = 2FB9CC1F27EC6552006708E6 /* Project object */;
}
